#MicroXplorer Configuration settings - do not modify
ADC1.Channel-0\#ChannelRegularConversion=ADC_CHANNEL_1
ADC1.ClockPrescaler=ADC_CLOCK_ASYNC_DIV1
ADC1.ConversionDataManagement=ADC_CONVERSIONDATA_DMA_CIRCULAR
ADC1.DMAAccessModeView=ENABLE
ADC1.ExternalTrigConv=ADC_EXTERNALTRIG_T4_TRGO
ADC1.IPParameters=Rank-0\#ChannelRegularConversion,master,Channel-0\#ChannelRegularConversion,SamplingTime-0\#ChannelRegularConversion,OffsetNumber-0\#ChannelRegularConversion,OffsetSignedSaturation-0\#ChannelRegularConversion,NbrOfConversionFlag,ConversionDataManagement,ExternalTrigConv,Mode,OversamplingMode,RightBitShift,Ratio,NbrOfConversion,ClockPrescaler,DMAAccessModeView,TwoSamplingDelay
ADC1.Mode=ADC_DUALMODE_REGSIMULT
ADC1.NbrOfConversion=1
ADC1.NbrOfConversionFlag=1
ADC1.OffsetNumber-0\#ChannelRegularConversion=ADC_OFFSET_NONE
ADC1.OffsetSignedSaturation-0\#ChannelRegularConversion=DISABLE
ADC1.OversamplingMode=ENABLE
ADC1.Rank-0\#ChannelRegularConversion=1
ADC1.Ratio=4
ADC1.RightBitShift=ADC_RIGHTBITSHIFT_2
ADC1.SamplingTime-0\#ChannelRegularConversion=ADC_SAMPLETIME_16CYCLES_5
ADC1.TwoSamplingDelay=ADC_TWOSAMPLINGDELAY_7CYCLES
ADC1.master=1
ADC2.Channel-0\#ChannelRegularConversion=ADC_CHANNEL_2
ADC2.ConversionDataManagement=ADC_CONVERSIONDATA_DMA_CIRCULAR
ADC2.DMAAccessModeView=ENABLE
ADC2.IPParameters=Rank-0\#ChannelRegularConversion,Channel-0\#ChannelRegularConversion,SamplingTime-0\#ChannelRegularConversion,OffsetNumber-0\#ChannelRegularConversion,OffsetSignedSaturation-0\#ChannelRegularConversion,NbrOfConversionFlag,OversamplingMode,Ratio,RightBitShift,ConversionDataManagement,NbrOfConversion,Mode,DMAAccessModeView,TwoSamplingDelay
ADC2.Mode=ADC_DUALMODE_REGSIMULT
ADC2.NbrOfConversion=1
ADC2.NbrOfConversionFlag=1
ADC2.OffsetNumber-0\#ChannelRegularConversion=ADC_OFFSET_NONE
ADC2.OffsetSignedSaturation-0\#ChannelRegularConversion=DISABLE
ADC2.OversamplingMode=ENABLE
ADC2.Rank-0\#ChannelRegularConversion=1
ADC2.Ratio=4
ADC2.RightBitShift=ADC_RIGHTBITSHIFT_2
ADC2.SamplingTime-0\#ChannelRegularConversion=ADC_SAMPLETIME_16CYCLES_5
ADC2.TwoSamplingDelay=ADC_TWOSAMPLINGDELAY_7CYCLES
ADC3.Channel-0\#ChannelRegularConversion=ADC_CHANNEL_1
ADC3.Channel-2\#ChannelRegularConversion=ADC_CHANNEL_2
ADC3.ClockPrescaler=ADC_CLOCK_ASYNC_DIV1
ADC3.ConversionDataManagement=ADC_CONVERSIONDATA_DMA_CIRCULAR
ADC3.DMAAccessModeView=ENABLE
ADC3.EOCSelection=ADC_EOC_SEQ_CONV
ADC3.ExternalTrigConv=ADC_EXTERNALTRIG_T4_TRGO
ADC3.IPParameters=Rank-0\#ChannelRegularConversion,Channel-0\#ChannelRegularConversion,SamplingTime-0\#ChannelRegularConversion,OffsetNumber-0\#ChannelRegularConversion,OffsetSignedSaturation-0\#ChannelRegularConversion,NbrOfConversionFlag,NbrOfConversion,EOCSelection,ExternalTrigConv,ConversionDataManagement,TwoSamplingDelay,OversamplingMode,RightBitShift,Ratio,Rank-2\#ChannelRegularConversion,Channel-2\#ChannelRegularConversion,SamplingTime-2\#ChannelRegularConversion,OffsetNumber-2\#ChannelRegularConversion,OffsetSignedSaturation-2\#ChannelRegularConversion,ClockPrescaler,Mode,DMAAccessModeView
ADC3.Mode=ADC_DUALMODE_REGSIMULT
ADC3.NbrOfConversion=2
ADC3.NbrOfConversionFlag=1
ADC3.OffsetNumber-0\#ChannelRegularConversion=ADC_OFFSET_NONE
ADC3.OffsetNumber-2\#ChannelRegularConversion=ADC_OFFSET_NONE
ADC3.OffsetSignedSaturation-0\#ChannelRegularConversion=DISABLE
ADC3.OffsetSignedSaturation-2\#ChannelRegularConversion=DISABLE
ADC3.OversamplingMode=ENABLE
ADC3.Rank-0\#ChannelRegularConversion=1
ADC3.Rank-2\#ChannelRegularConversion=2
ADC3.Ratio=4
ADC3.RightBitShift=ADC_RIGHTBITSHIFT_2
ADC3.SamplingTime-0\#ChannelRegularConversion=ADC_SAMPLETIME_16CYCLES_5
ADC3.SamplingTime-2\#ChannelRegularConversion=ADC_SAMPLETIME_16CYCLES_5
ADC3.TwoSamplingDelay=ADC_TWOSAMPLINGDELAY_7CYCLES
CAD.formats=
CAD.pinconfig=
CAD.provider=
CORTEX_M7.CPU_DCache=Enabled
CORTEX_M7.CPU_ICache=Enabled
CORTEX_M7.DisableExec-Cortex_Memory_Protection_Unit_Region0_Settings=MPU_INSTRUCTION_ACCESS_DISABLE
CORTEX_M7.Enable-Cortex_Memory_Protection_Unit_Region0_Settings=MPU_REGION_ENABLE
CORTEX_M7.Enable_S-Cortex_Memory_Protection_Unit_Region1_Settings_S=__NULL
CORTEX_M7.IPParameters=CPU_DCache,CPU_ICache,MPU_Control,Enable-Cortex_Memory_Protection_Unit_Region0_Settings,Size-Cortex_Memory_Protection_Unit_Region0_Settings,SubRegionDisable-Cortex_Memory_Protection_Unit_Region0_Settings,DisableExec-Cortex_Memory_Protection_Unit_Region0_Settings,IsShareable-Cortex_Memory_Protection_Unit_Region0_Settings,default_mode_Activation,Enable_S-Cortex_Memory_Protection_Unit_Region1_Settings_S
CORTEX_M7.IsShareable-Cortex_Memory_Protection_Unit_Region0_Settings=MPU_ACCESS_SHAREABLE
CORTEX_M7.MPU_Control=MPU_PRIVILEGED_DEFAULT
CORTEX_M7.Size-Cortex_Memory_Protection_Unit_Region0_Settings=MPU_REGION_SIZE_4GB
CORTEX_M7.SubRegionDisable-Cortex_Memory_Protection_Unit_Region0_Settings=0x87
CORTEX_M7.default_mode_Activation=1
CortexM4.IPs=FATFS_M4\:I,FREERTOS_M4\:I,IWDG2\:I,RCC,USB_DEVICE_M4\:I,USB_HOST_M4\:I,WWDG2\:I,DMA,BDMA,MDMA,NVIC2\:I,DEBUG,PDM2PCM_M4\:I,PWR,RESMGR_UTILITY,SYS_M4\:I,CORTEX_M4\:I,OPENAMP_M4\:I,VREFBUF,GPIO
CortexM7.IPs=FATFS_M7\:I,FREERTOS_M7\:I,IWDG1\:I,RCC\:I,USB_DEVICE_M7\:I,USB_HOST_M7\:I,WWDG1\:I,DMA\:I,BDMA\:I,MDMA\:I,NVIC1\:I,SYS\:I,CORTEX_M7\:I,DEBUG\:I,PDM2PCM_M7\:I,PWR\:I,RESMGR_UTILITY\:I,OPENAMP_M7\:I,VREFBUF\:I,GPIO\:I,ADC2\:I,ADC1\:I,ADC3\:I,DAC1\:I,TIM4\:I,USB_OTG_FS\:I
CortexM7.Pins=PK4,PK3
DAC1.DAC_Channel-DAC_OUT1=DAC_CHANNEL_1
DAC1.DAC_Channel-DAC_OUT2=DAC_CHANNEL_2
DAC1.DAC_Trigger-DAC_OUT1=DAC_TRIGGER_T5_TRGO
DAC1.DAC_Trigger-DAC_OUT2=DAC_TRIGGER_T5_TRGO
DAC1.IPParameters=DAC_Channel-DAC_OUT1,DAC_Channel-DAC_OUT2,DAC_Trigger-DAC_OUT1,DAC_Trigger-DAC_OUT2
Dma.ADC1.1.Direction=DMA_PERIPH_TO_MEMORY
Dma.ADC1.1.EventEnable=DISABLE
Dma.ADC1.1.FIFOMode=DMA_FIFOMODE_DISABLE
Dma.ADC1.1.Instance=DMA1_Stream0
Dma.ADC1.1.MemDataAlignment=DMA_MDATAALIGN_WORD
Dma.ADC1.1.MemInc=DMA_MINC_ENABLE
Dma.ADC1.1.Mode=DMA_CIRCULAR
Dma.ADC1.1.PeriphDataAlignment=DMA_PDATAALIGN_WORD
Dma.ADC1.1.PeriphInc=DMA_PINC_DISABLE
Dma.ADC1.1.Polarity=HAL_DMAMUX_REQ_GEN_RISING
Dma.ADC1.1.Priority=DMA_PRIORITY_LOW
Dma.ADC1.1.RequestNumber=1
Dma.ADC1.1.RequestParameters=Instance,Direction,PeriphInc,MemInc,PeriphDataAlignment,MemDataAlignment,Mode,Priority,FIFOMode,SignalID,Polarity,RequestNumber,SyncSignalID,SyncPolarity,SyncEnable,EventEnable,SyncRequestNumber
Dma.ADC1.1.SignalID=NONE
Dma.ADC1.1.SyncEnable=DISABLE
Dma.ADC1.1.SyncPolarity=HAL_DMAMUX_SYNC_NO_EVENT
Dma.ADC1.1.SyncRequestNumber=1
Dma.ADC1.1.SyncSignalID=NONE
Dma.ADC2.0.Direction=DMA_PERIPH_TO_MEMORY
Dma.ADC2.0.EventEnable=DISABLE
Dma.ADC2.0.FIFOMode=DMA_FIFOMODE_DISABLE
Dma.ADC2.0.Instance=DMA1_Stream1
Dma.ADC2.0.MemDataAlignment=DMA_MDATAALIGN_WORD
Dma.ADC2.0.MemInc=DMA_MINC_ENABLE
Dma.ADC2.0.Mode=DMA_CIRCULAR
Dma.ADC2.0.PeriphDataAlignment=DMA_PDATAALIGN_WORD
Dma.ADC2.0.PeriphInc=DMA_PINC_DISABLE
Dma.ADC2.0.Polarity=HAL_DMAMUX_REQ_GEN_RISING
Dma.ADC2.0.Priority=DMA_PRIORITY_LOW
Dma.ADC2.0.RequestNumber=1
Dma.ADC2.0.RequestParameters=Instance,Direction,PeriphInc,MemInc,PeriphDataAlignment,MemDataAlignment,Mode,Priority,FIFOMode,SignalID,Polarity,RequestNumber,SyncSignalID,SyncPolarity,SyncEnable,EventEnable,SyncRequestNumber
Dma.ADC2.0.SignalID=NONE
Dma.ADC2.0.SyncEnable=DISABLE
Dma.ADC2.0.SyncPolarity=HAL_DMAMUX_SYNC_NO_EVENT
Dma.ADC2.0.SyncRequestNumber=1
Dma.ADC2.0.SyncSignalID=NONE
Dma.ADC3.2.Direction=DMA_PERIPH_TO_MEMORY
Dma.ADC3.2.EventEnable=DISABLE
Dma.ADC3.2.FIFOMode=DMA_FIFOMODE_DISABLE
Dma.ADC3.2.Instance=DMA1_Stream2
Dma.ADC3.2.MemDataAlignment=DMA_MDATAALIGN_WORD
Dma.ADC3.2.MemInc=DMA_MINC_ENABLE
Dma.ADC3.2.Mode=DMA_CIRCULAR
Dma.ADC3.2.PeriphDataAlignment=DMA_PDATAALIGN_WORD
Dma.ADC3.2.PeriphInc=DMA_PINC_DISABLE
Dma.ADC3.2.Polarity=HAL_DMAMUX_REQ_GEN_RISING
Dma.ADC3.2.Priority=DMA_PRIORITY_LOW
Dma.ADC3.2.RequestNumber=1
Dma.ADC3.2.RequestParameters=Instance,Direction,PeriphInc,MemInc,PeriphDataAlignment,MemDataAlignment,Mode,Priority,FIFOMode,SignalID,Polarity,RequestNumber,SyncSignalID,SyncPolarity,SyncEnable,EventEnable,SyncRequestNumber
Dma.ADC3.2.SignalID=NONE
Dma.ADC3.2.SyncEnable=DISABLE
Dma.ADC3.2.SyncPolarity=HAL_DMAMUX_SYNC_NO_EVENT
Dma.ADC3.2.SyncRequestNumber=1
Dma.ADC3.2.SyncSignalID=NONE
Dma.DAC1_CH1.3.Direction=DMA_MEMORY_TO_PERIPH
Dma.DAC1_CH1.3.EventEnable=DISABLE
Dma.DAC1_CH1.3.FIFOMode=DMA_FIFOMODE_DISABLE
Dma.DAC1_CH1.3.Instance=DMA2_Stream0
Dma.DAC1_CH1.3.MemDataAlignment=DMA_MDATAALIGN_WORD
Dma.DAC1_CH1.3.MemInc=DMA_MINC_ENABLE
Dma.DAC1_CH1.3.Mode=DMA_CIRCULAR
Dma.DAC1_CH1.3.PeriphDataAlignment=DMA_PDATAALIGN_WORD
Dma.DAC1_CH1.3.PeriphInc=DMA_PINC_DISABLE
Dma.DAC1_CH1.3.Polarity=HAL_DMAMUX_REQ_GEN_RISING
Dma.DAC1_CH1.3.Priority=DMA_PRIORITY_VERY_HIGH
Dma.DAC1_CH1.3.RequestNumber=1
Dma.DAC1_CH1.3.RequestParameters=Instance,Direction,PeriphInc,MemInc,PeriphDataAlignment,MemDataAlignment,Mode,Priority,FIFOMode,SignalID,Polarity,RequestNumber,SyncSignalID,SyncPolarity,SyncEnable,EventEnable,SyncRequestNumber
Dma.DAC1_CH1.3.SignalID=NONE
Dma.DAC1_CH1.3.SyncEnable=DISABLE
Dma.DAC1_CH1.3.SyncPolarity=HAL_DMAMUX_SYNC_NO_EVENT
Dma.DAC1_CH1.3.SyncRequestNumber=1
Dma.DAC1_CH1.3.SyncSignalID=NONE
Dma.DAC1_CH2.4.Direction=DMA_MEMORY_TO_PERIPH
Dma.DAC1_CH2.4.EventEnable=DISABLE
Dma.DAC1_CH2.4.FIFOMode=DMA_FIFOMODE_DISABLE
Dma.DAC1_CH2.4.Instance=DMA2_Stream1
Dma.DAC1_CH2.4.MemDataAlignment=DMA_MDATAALIGN_WORD
Dma.DAC1_CH2.4.MemInc=DMA_MINC_ENABLE
Dma.DAC1_CH2.4.Mode=DMA_CIRCULAR
Dma.DAC1_CH2.4.PeriphDataAlignment=DMA_PDATAALIGN_WORD
Dma.DAC1_CH2.4.PeriphInc=DMA_PINC_DISABLE
Dma.DAC1_CH2.4.Polarity=HAL_DMAMUX_REQ_GEN_RISING
Dma.DAC1_CH2.4.Priority=DMA_PRIORITY_VERY_HIGH
Dma.DAC1_CH2.4.RequestNumber=1
Dma.DAC1_CH2.4.RequestParameters=Instance,Direction,PeriphInc,MemInc,PeriphDataAlignment,MemDataAlignment,Mode,Priority,FIFOMode,SignalID,Polarity,RequestNumber,SyncSignalID,SyncPolarity,SyncEnable,EventEnable,SyncRequestNumber
Dma.DAC1_CH2.4.SignalID=NONE
Dma.DAC1_CH2.4.SyncEnable=DISABLE
Dma.DAC1_CH2.4.SyncPolarity=HAL_DMAMUX_SYNC_NO_EVENT
Dma.DAC1_CH2.4.SyncRequestNumber=1
Dma.DAC1_CH2.4.SyncSignalID=NONE
Dma.Request0=ADC2
Dma.Request1=ADC1
Dma.Request2=ADC3
Dma.Request3=DAC1_CH1
Dma.Request4=DAC1_CH2
Dma.RequestsNb=5
File.Version=6
GPIO.groupedBy=Group By Peripherals
KeepUserPlacement=false
Mcu.CPN=STM32H757XIH6
Mcu.Context0=CortexM7
Mcu.Context1=CortexM4
Mcu.ContextNb=2
Mcu.Family=STM32H7
Mcu.IP0=ADC1
Mcu.IP1=ADC2
Mcu.IP10=SYS
Mcu.IP11=SYS_M4
Mcu.IP12=TIM4
Mcu.IP13=USB_DEVICE_M7
Mcu.IP14=USB_OTG_FS
Mcu.IP2=ADC3
Mcu.IP3=CORTEX_M4
Mcu.IP4=CORTEX_M7
Mcu.IP5=DAC1
Mcu.IP6=DMA
Mcu.IP7=NVIC1
Mcu.IP8=NVIC2
Mcu.IP9=RCC
Mcu.IPNb=15
Mcu.Name=STM32H757XIHx
Mcu.Package=TFBGA240
Mcu.Pin0=PK4
Mcu.Pin1=PC15-OSC32_OUT (OSC32_OUT)
Mcu.Pin10=PF13
Mcu.Pin11=PC3_C
Mcu.Pin12=PA1_C
Mcu.Pin13=PA5
Mcu.Pin14=PA4
Mcu.Pin15=VP_SYS_VS_Systick
Mcu.Pin16=VP_SYS_M4_VS_Systick
Mcu.Pin17=VP_TIM4_VS_ClockSourceINT
Mcu.Pin18=VP_USB_DEVICE_M7_VS_USB_DEVICE_CDC_FS
Mcu.Pin2=PC14-OSC32_IN (OSC32_IN)
Mcu.Pin3=PK3
Mcu.Pin4=PA8
Mcu.Pin5=PA12
Mcu.Pin6=PA11
Mcu.Pin7=PH1-OSC_OUT (PH1)
Mcu.Pin8=PH0-OSC_IN (PH0)
Mcu.Pin9=PF9
Mcu.PinsNb=19
Mcu.ThirdPartyNb=0
Mcu.UserConstants=
Mcu.UserName=STM32H757XIHx
MxCube.Version=6.14.1
MxDb.Version=DB.6.0.141
NVIC1.BusFault_IRQn=true\:0\:0\:false\:false\:true\:true\:false\:false
NVIC1.DMA1_Stream0_IRQn=true\:0\:0\:false\:false\:true\:false\:true\:true
NVIC1.DMA1_Stream1_IRQn=true\:0\:0\:false\:false\:true\:false\:true\:true
NVIC1.DMA1_Stream2_IRQn=true\:0\:0\:false\:false\:true\:false\:true\:true
NVIC1.DMA2_Stream0_IRQn=true\:0\:0\:false\:false\:true\:false\:true\:true
NVIC1.DMA2_Stream1_IRQn=true\:0\:0\:false\:false\:true\:false\:true\:true
NVIC1.DebugMonitor_IRQn=true\:0\:0\:false\:false\:true\:true\:false\:false
NVIC1.ForceEnableDMAVector=true
NVIC1.HSEM1_IRQn=true\:0\:0\:false\:false\:true\:true\:true\:true
NVIC1.HardFault_IRQn=true\:0\:0\:false\:false\:true\:true\:false\:false
NVIC1.MemoryManagement_IRQn=true\:0\:0\:false\:false\:true\:true\:false\:false
NVIC1.NonMaskableInt_IRQn=true\:0\:0\:false\:false\:true\:true\:false\:false
NVIC1.OTG_FS_IRQn=true\:0\:0\:false\:false\:true\:false\:true\:true
NVIC1.PendSV_IRQn=true\:0\:0\:false\:false\:true\:true\:false\:false
NVIC1.PriorityGroup=NVIC_PRIORITYGROUP_4
NVIC1.SVCall_IRQn=true\:0\:0\:false\:false\:true\:true\:false\:false
NVIC1.SysTick_IRQn=true\:0\:0\:false\:false\:true\:true\:true\:false
NVIC1.UsageFault_IRQn=true\:0\:0\:false\:false\:true\:true\:false\:false
NVIC2.BusFault_IRQn=true\:0\:0\:false\:false\:true\:false\:false\:false
NVIC2.DebugMonitor_IRQn=true\:0\:0\:false\:false\:true\:false\:false\:false
NVIC2.ForceEnableDMAVector=true
NVIC2.HSEM2_IRQn=true\:0\:0\:false\:false\:true\:true\:true\:true
NVIC2.HardFault_IRQn=true\:0\:0\:false\:false\:true\:false\:false\:false
NVIC2.MemoryManagement_IRQn=true\:0\:0\:false\:false\:true\:false\:false\:false
NVIC2.NonMaskableInt_IRQn=true\:0\:0\:false\:false\:true\:false\:false\:false
NVIC2.PendSV_IRQn=true\:0\:0\:false\:false\:true\:false\:false\:false
NVIC2.PriorityGroup=NVIC_PRIORITYGROUP_4
NVIC2.SVCall_IRQn=true\:0\:0\:false\:false\:true\:false\:false\:false
NVIC2.SysTick_IRQn=true\:0\:0\:false\:false\:true\:false\:true\:false
NVIC2.UsageFault_IRQn=true\:0\:0\:false\:false\:true\:false\:false\:false
PA11.GPIOParameters=GPIO_Speed,PinAttribute
PA11.GPIO_Speed=GPIO_SPEED_FREQ_VERY_HIGH
PA11.Mode=Device_Only
PA11.PinAttribute=CortexM7
PA11.Signal=USB_OTG_FS_DM
PA12.GPIOParameters=GPIO_Speed,PinAttribute
PA12.GPIO_Speed=GPIO_SPEED_FREQ_VERY_HIGH
PA12.Mode=Device_Only
PA12.PinAttribute=CortexM7
PA12.Signal=USB_OTG_FS_DP
PA1_C.GPIOParameters=PinAttribute
PA1_C.PinAttribute=CortexM7
PA1_C.Signal=ADCx_INP1
PA4.GPIOParameters=PinAttribute
PA4.PinAttribute=CortexM7
PA4.Signal=COMP_DAC11_group
PA5.GPIOParameters=PinAttribute
PA5.PinAttribute=CortexM7
PA5.Signal=COMP_DAC12_group
PA8.GPIOParameters=PinAttribute
PA8.Mode=Clock-out-1
PA8.PinAttribute=Free
PA8.Signal=RCC_MCO_1
PC14-OSC32_IN\ (OSC32_IN).GPIOParameters=PinAttribute
PC14-OSC32_IN\ (OSC32_IN).Mode=LSE-External-Oscillator
PC14-OSC32_IN\ (OSC32_IN).PinAttribute=Free
PC14-OSC32_IN\ (OSC32_IN).Signal=RCC_OSC32_IN
PC15-OSC32_OUT\ (OSC32_OUT).GPIOParameters=PinAttribute
PC15-OSC32_OUT\ (OSC32_OUT).Mode=LSE-External-Oscillator
PC15-OSC32_OUT\ (OSC32_OUT).PinAttribute=Free
PC15-OSC32_OUT\ (OSC32_OUT).Signal=RCC_OSC32_OUT
PC3_C.GPIOParameters=PinAttribute
PC3_C.Mode=IN1-Single-Ended
PC3_C.PinAttribute=CortexM7
PC3_C.Signal=ADC3_INP1
PF13.GPIOParameters=PinAttribute
PF13.Mode=IN2-Single-Ended
PF13.PinAttribute=CortexM7
PF13.Signal=ADC2_INP2
PF9.GPIOParameters=PinAttribute
PF9.Mode=IN2-Single-Ended
PF9.PinAttribute=CortexM7
PF9.Signal=ADC3_INP2
PH0-OSC_IN\ (PH0).GPIOParameters=PinAttribute
PH0-OSC_IN\ (PH0).Mode=HSE-External-Oscillator
PH0-OSC_IN\ (PH0).PinAttribute=Free
PH0-OSC_IN\ (PH0).Signal=RCC_OSC_IN
PH1-OSC_OUT\ (PH1).GPIOParameters=PinAttribute
PH1-OSC_OUT\ (PH1).Mode=HSE-External-Oscillator
PH1-OSC_OUT\ (PH1).PinAttribute=Free
PH1-OSC_OUT\ (PH1).Signal=RCC_OSC_OUT
PK3.ContextOwner=CortexM7
PK3.GPIOParameters=GPIO_Label,PinAttribute
PK3.GPIO_Label=Filter_LED
PK3.Locked=true
PK3.PinAttribute=CortexM7
PK3.Signal=GPIO_Output
PK4.ContextOwner=CortexM7
PK4.GPIOParameters=GPIO_Label,PinAttribute
PK4.GPIO_Label=Start_LED
PK4.Locked=true
PK4.PinAttribute=CortexM7
PK4.Signal=GPIO_Output
PinOutPanel.CurrentBGAView=Top
PinOutPanel.RotationAngle=0
ProjectManager.AskForMigrate=true
ProjectManager.BackupPrevious=false
ProjectManager.BootMode=boot0
ProjectManager.CompilerLinker=GCC
ProjectManager.CompilerOptimize=6
ProjectManager.ComputerToolchain=false
ProjectManager.CoupleFile=false
ProjectManager.CustomerFirmwarePackage=
ProjectManager.DefaultFWLocation=true
ProjectManager.DeletePrevious=true
ProjectManager.DeviceId=STM32H757XIHx
ProjectManager.FirmwarePackage=STM32Cube FW_H7 V1.12.1
ProjectManager.FreePins=false
ProjectManager.HalAssertFull=false
ProjectManager.HeapSize=M4-0x200,M7-0x200
ProjectManager.KeepUserCode=true
ProjectManager.LastFirmware=true
ProjectManager.LibraryCopy=0
ProjectManager.MainLocation=Core/Src
ProjectManager.NoMain=false
ProjectManager.PreviousToolchain=
ProjectManager.ProjectBuild=false
ProjectManager.ProjectFileName=again_try.ioc
ProjectManager.ProjectName=again_try
ProjectManager.ProjectStructure=M7\:CortexM7 Project\:true;M4\:CortexM4 Project\:true;
ProjectManager.RegisterCallBack=
ProjectManager.StackSize=M4-0x400,M7-0x400
ProjectManager.TargetToolchain=CMake
ProjectManager.ToolChainLocation=
ProjectManager.UAScriptAfterPath=
ProjectManager.UAScriptBeforePath=
ProjectManager.UnderRoot=false
ProjectManager.functionlistsort=1-SystemClock_Config-RCC-false-HAL-false-CortexM7,2-MX_GPIO_Init-GPIO-false-HAL-true-CortexM7,3-MX_DMA_Init-DMA-false-HAL-true-CortexM7,4-MX_ADC1_Init-ADC1-false-HAL-true-CortexM7,5-MX_ADC3_Init-ADC3-false-HAL-true-CortexM7,6-MX_ADC2_Init-ADC2-false-HAL-true-CortexM7,7-MX_DAC1_Init-DAC1-false-HAL-true-CortexM7,8-MX_TIM4_Init-TIM4-false-HAL-true-CortexM7,9-MX_USB_DEVICE_Init-USB_DEVICE_M7-false-HAL-false-CortexM7,1-MX_DMA_Init-DMA-false-HAL-true-CortexM4,0-MX_CORTEX_M7_Init-CORTEX_M7-false-HAL-true-CortexM7,0-MX_CORTEX_M4_Init-CORTEX_M4-false-HAL-true-CortexM4
RCC.ADCFreq_Value=48000000
RCC.AHB12Freq_Value=200000000
RCC.AHB4Freq_Value=200000000
RCC.APB1Freq_Value=100000000
RCC.APB2Freq_Value=100000000
RCC.APB3Freq_Value=100000000
RCC.APB4Freq_Value=100000000
RCC.AXIClockFreq_Value=200000000
RCC.CECFreq_Value=32000
RCC.CKPERFreq_Value=64000000
RCC.CPU2Freq_Value=200000000
RCC.CPU2SystikFreq_Value=200000000
RCC.CortexFreq_Value=400000000
RCC.CpuClockFreq_Value=400000000
RCC.D1CPREFreq_Value=400000000
RCC.D1PPRE=RCC_APB3_DIV2
RCC.D2PPRE1=RCC_APB1_DIV2
RCC.D2PPRE2=RCC_APB2_DIV2
RCC.D3PPRE=RCC_APB4_DIV2
RCC.DFSDMACLkFreq_Value=800000000
RCC.DFSDMFreq_Value=100000000
RCC.DIVM1=4
RCC.DIVM2=4
RCC.DIVM3=1
RCC.DIVN1=50
RCC.DIVN2=12
RCC.DIVN3=6
RCC.DIVP1Freq_Value=400000000
RCC.DIVP2=4
RCC.DIVP2Freq_Value=48000000
RCC.DIVP3Freq_Value=192000000
RCC.DIVQ1=1
RCC.DIVQ1Freq_Value=800000000
RCC.DIVQ2Freq_Value=96000000
RCC.DIVQ3Freq_Value=192000000
RCC.DIVR1Freq_Value=400000000
RCC.DIVR2Freq_Value=96000000
RCC.DIVR3=1
RCC.DIVR3Freq_Value=384000000
RCC.DSIFreq_Value=31250000
RCC.DSITXEscFreq_Value=15625000
RCC.DSITX_Div=2
RCC.FDCANFreq_Value=800000000
RCC.FMCFreq_Value=200000000
RCC.FamilyName=M
RCC.HCLK3ClockFreq_Value=200000000
RCC.HCLKFreq_Value=200000000
RCC.HPRE=RCC_HCLK_DIV2
RCC.HPREFreq_Value=80000000
RCC.HRTIMFreq_Value=200000000
RCC.I2C123Freq_Value=100000000
RCC.I2C4Freq_Value=100000000
RCC.IPParameters=ADCFreq_Value,AHB12Freq_Value,AHB4Freq_Value,APB1Freq_Value,APB2Freq_Value,APB3Freq_Value,APB4Freq_Value,AXIClockFreq_Value,CECFreq_Value,CKPERFreq_Value,CPU2Freq_Value,CPU2SystikFreq_Value,CortexFreq_Value,CpuClockFreq_Value,D1CPREFreq_Value,D1PPRE,D2PPRE1,D2PPRE2,D3PPRE,DFSDMACLkFreq_Value,DFSDMFreq_Value,DIVM1,DIVM2,DIVM3,DIVN1,DIVN2,DIVN3,DIVP1Freq_Value,DIVP2,DIVP2Freq_Value,DIVP3Freq_Value,DIVQ1,DIVQ1Freq_Value,DIVQ2Freq_Value,DIVQ3Freq_Value,DIVR1Freq_Value,DIVR2Freq_Value,DIVR3,DIVR3Freq_Value,DSIFreq_Value,DSITXEscFreq_Value,DSITX_Div,FDCANFreq_Value,FMCFreq_Value,FamilyName,HCLK3ClockFreq_Value,HCLKFreq_Value,HPRE,HPREFreq_Value,HRTIMFreq_Value,I2C123Freq_Value,I2C4Freq_Value,LPTIM1Freq_Value,LPTIM2Freq_Value,LPTIM345Freq_Value,LPUART1Freq_Value,LTDCFreq_Value,MCO1PinFreq_Value,MCO2PinFreq_Value,PLL2FRACN,PLL3FRACN,PLLDSIFreq_Value,PLLDSIODF,PLLDSIVCOFreq_Value,PLLFRACN,PWR_Regulator_Voltage_Scale,QSPIFreq_Value,RNGFreq_Value,RTCFreq_Value,SAI1Freq_Value,SAI23Freq_Value,SAI4AFreq_Value,SAI4BFreq_Value,SDMMCFreq_Value,SPDIFRXFreq_Value,SPI123Freq_Value,SPI45Freq_Value,SPI6Freq_Value,SWPMI1Freq_Value,SYSCLKFreq_VALUE,SYSCLKSource,SupplySource,Tim1OutputFreq_Value,Tim2OutputFreq_Value,TraceFreq_Value,USART16Freq_Value,USART234578Freq_Value,USBCLockSelection,USBFreq_Value,VCO1OutputFreq_Value,VCO2OutputFreq_Value,VCO3OutputFreq_Value,VCOInput1Freq_Value,VCOInput2Freq_Value,VCOInput3Freq_Value
RCC.LPTIM1Freq_Value=100000000
RCC.LPTIM2Freq_Value=100000000
RCC.LPTIM345Freq_Value=100000000
RCC.LPUART1Freq_Value=100000000
RCC.LTDCFreq_Value=384000000
RCC.MCO1PinFreq_Value=64000000
RCC.MCO2PinFreq_Value=400000000
RCC.PLL2FRACN=0
RCC.PLL3FRACN=0
RCC.PLLDSIFreq_Value=250000000
RCC.PLLDSIODF=DSI_PLL_OUT_DIV2
RCC.PLLDSIVCOFreq_Value=1000000000
RCC.PLLFRACN=0
RCC.PWR_Regulator_Voltage_Scale=PWR_REGULATOR_VOLTAGE_SCALE1
RCC.QSPIFreq_Value=200000000
RCC.RNGFreq_Value=48000000
RCC.RTCFreq_Value=32000
RCC.SAI1Freq_Value=800000000
RCC.SAI23Freq_Value=800000000
RCC.SAI4AFreq_Value=800000000
RCC.SAI4BFreq_Value=800000000
RCC.SDMMCFreq_Value=800000000
RCC.SPDIFRXFreq_Value=800000000
RCC.SPI123Freq_Value=800000000
RCC.SPI45Freq_Value=100000000
RCC.SPI6Freq_Value=100000000
RCC.SWPMI1Freq_Value=100000000
RCC.SYSCLKFreq_VALUE=400000000
RCC.SYSCLKSource=RCC_SYSCLKSOURCE_PLLCLK
RCC.SupplySource=PWR_DIRECT_SMPS_SUPPLY
RCC.Tim1OutputFreq_Value=200000000
RCC.Tim2OutputFreq_Value=200000000
RCC.TraceFreq_Value=64000000
RCC.USART16Freq_Value=100000000
RCC.USART234578Freq_Value=100000000
RCC.USBCLockSelection=RCC_USBCLKSOURCE_HSI48
RCC.USBFreq_Value=48000000
RCC.VCO1OutputFreq_Value=800000000
RCC.VCO2OutputFreq_Value=192000000
RCC.VCO3OutputFreq_Value=384000000
RCC.VCOInput1Freq_Value=16000000
RCC.VCOInput2Freq_Value=16000000
RCC.VCOInput3Freq_Value=64000000
SH.ADCx_INP1.0=ADC1_INP1,IN1-Single-Ended
SH.ADCx_INP1.ConfNb=1
SH.COMP_DAC11_group.0=DAC1_OUT1,DAC_OUT1
SH.COMP_DAC11_group.ConfNb=1
SH.COMP_DAC12_group.0=DAC1_OUT2,DAC_OUT2
SH.COMP_DAC12_group.ConfNb=1
TIM4.AutoReloadPreload=TIM_AUTORELOAD_PRELOAD_ENABLE
TIM4.IPParameters=Prescaler,Period,AutoReloadPreload,TIM_MasterOutputTrigger
TIM4.Period=4000-1
TIM4.Prescaler=5-1
TIM4.TIM_MasterOutputTrigger=TIM_TRGO_UPDATE
USB_DEVICE_M7.CLASS_NAME_FS=CDC
USB_DEVICE_M7.IPParameters=VirtualMode-CDC_FS,VirtualModeFS,CLASS_NAME_FS
USB_DEVICE_M7.VirtualMode-CDC_FS=Cdc
USB_DEVICE_M7.VirtualModeFS=Cdc_FS
USB_OTG_FS.IPParameters=VirtualMode
USB_OTG_FS.VirtualMode=Device_Only
VP_SYS_M4_VS_Systick.Mode=SysTick
VP_SYS_M4_VS_Systick.Signal=SYS_M4_VS_Systick
VP_SYS_VS_Systick.Mode=SysTick
VP_SYS_VS_Systick.Signal=SYS_VS_Systick
VP_TIM4_VS_ClockSourceINT.Mode=Internal
VP_TIM4_VS_ClockSourceINT.Signal=TIM4_VS_ClockSourceINT
VP_USB_DEVICE_M7_VS_USB_DEVICE_CDC_FS.Mode=CDC_FS
VP_USB_DEVICE_M7_VS_USB_DEVICE_CDC_FS.Signal=USB_DEVICE_M7_VS_USB_DEVICE_CDC_FS
board=STM32H757I-EVAL
boardIOC=true
